
Microsoft Visual Studio Solution File, Format Version 12.00
# Visual Studio 15
VisualStudioVersion = 15.0.27004.2006
MinimumVisualStudioVersion = 10.0.40219.1
Project("{FAE04EC0-301F-11D3-BF4B-00C04F79EFBC}") = "iLevel.CodeAnalysis.BestPractices", "iLevel.CodeAnalysis.BestPractices\iLevel.CodeAnalysis.BestPractices.csproj", "{CBA00023-E9B2-44AE-902E-3BF37A4703AE}"
EndProject
Project("{FAE04EC0-301F-11D3-BF4B-00C04F79EFBC}") = "iLevel.CodeAnalysis.BestPractices.Tests", "iLevel.CodeAnalysis.BestPractices.Tests\iLevel.CodeAnalysis.BestPractices.Tests.csproj", "{5D44FCF1-0E9E-4970-84E2-664D3D4E51AE}"
EndProject
Project("{FAE04EC0-301F-11D3-BF4B-00C04F79EFBC}") = "iLevel.CodeAnalysis.CodeAnalysisService", "CodeAnalysisService\iLevel.CodeAnalysis.CodeAnalysisService.csproj", "{959A631D-10D7-4CB5-9881-7C3D4DC5BED0}"
EndProject
Project("{FAE04EC0-301F-11D3-BF4B-00C04F79EFBC}") = "iLevel.CodeAnalysis.CodeAnalysisService.Tests", "CodeAnalysisService.Tests\iLevel.CodeAnalysis.CodeAnalysisService.Tests.csproj", "{D3502BC4-84E5-41A7-A146-2571D6CF382F}"
EndProject
Project("{FAE04EC0-301F-11D3-BF4B-00C04F79EFBC}") = "iLevel.CodeAnalysis.BusinessLogicLayer", "iLevel.CodeAnalysis.BusinessLogicLayer\iLevel.CodeAnalysis.BusinessLogicLayer.csproj", "{1B48A075-8A9E-4005-82C5-4132742AB25D}"
EndProject
Project("{FAE04EC0-301F-11D3-BF4B-00C04F79EFBC}") = "iLevel.CodeAnalysis.BusinessLogicLayer.Tests", "iLevel.CodeAnalysis.BusinessLogicLayer.Tests\iLevel.CodeAnalysis.BusinessLogicLayer.Tests.csproj", "{64CA75EA-1977-4F43-8B44-BAEB23F63C28}"
EndProject
Project("{FAE04EC0-301F-11D3-BF4B-00C04F79EFBC}") = "iLevel.CodeAnalysis.ServiceIntegrationTests", "iLevel.CodeAnalysis.ServiceIntegrationTests\iLevel.CodeAnalysis.ServiceIntegrationTests.csproj", "{765FD111-8075-420E-A3C1-3848CA4F868A}"
EndProject
Project("{FAE04EC0-301F-11D3-BF4B-00C04F79EFBC}") = "iLevel.CodeAnalysis.AnalyzersAccesLayer", "iLevel.CodeAnalysis.AnalyzersAccesLayer\iLevel.CodeAnalysis.AnalyzersAccesLayer.csproj", "{B7F84625-ED4C-4ED1-B913-AFE8CB8063FF}"
EndProject
Global
	GlobalSection(SolutionConfigurationPlatforms) = preSolution
		Debug|Any CPU = Debug|Any CPU
		Release|Any CPU = Release|Any CPU
	EndGlobalSection
	GlobalSection(ProjectConfigurationPlatforms) = postSolution
		{CBA00023-E9B2-44AE-902E-3BF37A4703AE}.Debug|Any CPU.ActiveCfg = Debug|Any CPU
		{CBA00023-E9B2-44AE-902E-3BF37A4703AE}.Debug|Any CPU.Build.0 = Debug|Any CPU
		{CBA00023-E9B2-44AE-902E-3BF37A4703AE}.Release|Any CPU.ActiveCfg = Release|Any CPU
		{CBA00023-E9B2-44AE-902E-3BF37A4703AE}.Release|Any CPU.Build.0 = Release|Any CPU
		{5D44FCF1-0E9E-4970-84E2-664D3D4E51AE}.Debug|Any CPU.ActiveCfg = Debug|Any CPU
		{5D44FCF1-0E9E-4970-84E2-664D3D4E51AE}.Debug|Any CPU.Build.0 = Debug|Any CPU
		{5D44FCF1-0E9E-4970-84E2-664D3D4E51AE}.Release|Any CPU.ActiveCfg = Release|Any CPU
		{5D44FCF1-0E9E-4970-84E2-664D3D4E51AE}.Release|Any CPU.Build.0 = Release|Any CPU
		{959A631D-10D7-4CB5-9881-7C3D4DC5BED0}.Debug|Any CPU.ActiveCfg = Debug|Any CPU
		{959A631D-10D7-4CB5-9881-7C3D4DC5BED0}.Debug|Any CPU.Build.0 = Debug|Any CPU
		{959A631D-10D7-4CB5-9881-7C3D4DC5BED0}.Release|Any CPU.ActiveCfg = Release|Any CPU
		{959A631D-10D7-4CB5-9881-7C3D4DC5BED0}.Release|Any CPU.Build.0 = Release|Any CPU
		{D3502BC4-84E5-41A7-A146-2571D6CF382F}.Debug|Any CPU.ActiveCfg = Debug|Any CPU
		{D3502BC4-84E5-41A7-A146-2571D6CF382F}.Debug|Any CPU.Build.0 = Debug|Any CPU
		{D3502BC4-84E5-41A7-A146-2571D6CF382F}.Release|Any CPU.ActiveCfg = Release|Any CPU
		{D3502BC4-84E5-41A7-A146-2571D6CF382F}.Release|Any CPU.Build.0 = Release|Any CPU
		{1B48A075-8A9E-4005-82C5-4132742AB25D}.Debug|Any CPU.ActiveCfg = Debug|Any CPU
		{1B48A075-8A9E-4005-82C5-4132742AB25D}.Debug|Any CPU.Build.0 = Debug|Any CPU
		{1B48A075-8A9E-4005-82C5-4132742AB25D}.Release|Any CPU.ActiveCfg = Release|Any CPU
		{1B48A075-8A9E-4005-82C5-4132742AB25D}.Release|Any CPU.Build.0 = Release|Any CPU
		{64CA75EA-1977-4F43-8B44-BAEB23F63C28}.Debug|Any CPU.ActiveCfg = Debug|Any CPU
		{64CA75EA-1977-4F43-8B44-BAEB23F63C28}.Debug|Any CPU.Build.0 = Debug|Any CPU
		{64CA75EA-1977-4F43-8B44-BAEB23F63C28}.Release|Any CPU.ActiveCfg = Release|Any CPU
		{64CA75EA-1977-4F43-8B44-BAEB23F63C28}.Release|Any CPU.Build.0 = Release|Any CPU
		{765FD111-8075-420E-A3C1-3848CA4F868A}.Debug|Any CPU.ActiveCfg = Debug|Any CPU
		{765FD111-8075-420E-A3C1-3848CA4F868A}.Debug|Any CPU.Build.0 = Debug|Any CPU
		{765FD111-8075-420E-A3C1-3848CA4F868A}.Release|Any CPU.ActiveCfg = Release|Any CPU
		{765FD111-8075-420E-A3C1-3848CA4F868A}.Release|Any CPU.Build.0 = Release|Any CPU
		{B7F84625-ED4C-4ED1-B913-AFE8CB8063FF}.Debug|Any CPU.ActiveCfg = Debug|Any CPU
		{B7F84625-ED4C-4ED1-B913-AFE8CB8063FF}.Debug|Any CPU.Build.0 = Debug|Any CPU
		{B7F84625-ED4C-4ED1-B913-AFE8CB8063FF}.Release|Any CPU.ActiveCfg = Release|Any CPU
		{B7F84625-ED4C-4ED1-B913-AFE8CB8063FF}.Release|Any CPU.Build.0 = Release|Any CPU
	EndGlobalSection
	GlobalSection(SolutionProperties) = preSolution
		HideSolutionNode = FALSE
	EndGlobalSection
	GlobalSection(ExtensibilityGlobals) = postSolution
		SolutionGuid = {4F85AF74-B258-4AF6-8FFF-2C1DCC69FD68}
	EndGlobalSection
EndGlobal
